// !$*UTF8*$!
{
	archiveVersion = 1;
	classes = {
	};
	objectVersion = 46;
	objects = {

/* Begin PBXBuildFile section */
		6B2111CA1CBDFDAD0077133A /* Idea.swift in Sources */ = {isa = PBXBuildFile; fileRef = 6B2111C91CBDFDAD0077133A /* Idea.swift */; };
		6B2111CC1CBDFDF30077133A /* IdeaSection.swift in Sources */ = {isa = PBXBuildFile; fileRef = 6B2111CB1CBDFDF30077133A /* IdeaSection.swift */; };
		6B2111CE1CBDFE080077133A /* IdeaDetail.swift in Sources */ = {isa = PBXBuildFile; fileRef = 6B2111CD1CBDFE080077133A /* IdeaDetail.swift */; };
		6B2111D01CBE02880077133A /* User.swift in Sources */ = {isa = PBXBuildFile; fileRef = 6B2111CF1CBE02880077133A /* User.swift */; };
		6B2111D31CBE04520077133A /* IdeaSectionTC.swift in Sources */ = {isa = PBXBuildFile; fileRef = 6B2111D21CBE04520077133A /* IdeaSectionTC.swift */; };
		6B2111D61CBE060E0077133A /* Constants.swift in Sources */ = {isa = PBXBuildFile; fileRef = 6B2111D51CBE060E0077133A /* Constants.swift */; };
		6B2A4ACD1CBB3780001F0774 /* AppDelegate.swift in Sources */ = {isa = PBXBuildFile; fileRef = 6B2A4ACC1CBB3780001F0774 /* AppDelegate.swift */; };
		6B2A4ACF1CBB3780001F0774 /* IdeaOverviewVC.swift in Sources */ = {isa = PBXBuildFile; fileRef = 6B2A4ACE1CBB3780001F0774 /* IdeaOverviewVC.swift */; };
		6B2A4AD21CBB3780001F0774 /* Main.storyboard in Resources */ = {isa = PBXBuildFile; fileRef = 6B2A4AD01CBB3780001F0774 /* Main.storyboard */; };
		6B2A4AD41CBB3780001F0774 /* Assets.xcassets in Resources */ = {isa = PBXBuildFile; fileRef = 6B2A4AD31CBB3780001F0774 /* Assets.xcassets */; };
		6B2A4AD71CBB3780001F0774 /* LaunchScreen.storyboard in Resources */ = {isa = PBXBuildFile; fileRef = 6B2A4AD51CBB3780001F0774 /* LaunchScreen.storyboard */; };
		6B2A4AE21CBB3780001F0774 /* epiphanyTests.swift in Sources */ = {isa = PBXBuildFile; fileRef = 6B2A4AE11CBB3780001F0774 /* epiphanyTests.swift */; };
		6B4809181D052E85004C585A /* LoginVC.swift in Sources */ = {isa = PBXBuildFile; fileRef = 6B4809171D052E85004C585A /* LoginVC.swift */; };
		6B48091A1D052F4A004C585A /* NotificationLib.swift in Sources */ = {isa = PBXBuildFile; fileRef = 6B4809191D052F4A004C585A /* NotificationLib.swift */; };
		6B6794E51CCB39800039FC3D /* DetailEditorVC.swift in Sources */ = {isa = PBXBuildFile; fileRef = 6B6794E41CCB39800039FC3D /* DetailEditorVC.swift */; };
		6BA6A7381CEC2E95006EC926 /* AddSectionVC.swift in Sources */ = {isa = PBXBuildFile; fileRef = 6BA6A7371CEC2E95006EC926 /* AddSectionVC.swift */; };
		6BC1D5B81CC2D65700B291A8 /* IdeaSectionVC.swift in Sources */ = {isa = PBXBuildFile; fileRef = 6BC1D5B71CC2D65700B291A8 /* IdeaSectionVC.swift */; };
		6BC1D5BA1CC2EB9400B291A8 /* SectionDetailsTC.swift in Sources */ = {isa = PBXBuildFile; fileRef = 6BC1D5B91CC2EB9400B291A8 /* SectionDetailsTC.swift */; };
		6BC1D5BC1CC4ABE100B291A8 /* IdeaSearchVC.swift in Sources */ = {isa = PBXBuildFile; fileRef = 6BC1D5BB1CC4ABE100B291A8 /* IdeaSearchVC.swift */; };
		6BC1D5BE1CC4AD9E00B291A8 /* IdeaTC.swift in Sources */ = {isa = PBXBuildFile; fileRef = 6BC1D5BD1CC4AD9E00B291A8 /* IdeaTC.swift */; };
		6BD6C3D51D027A5200142A5D /* DataService.swift in Sources */ = {isa = PBXBuildFile; fileRef = 6BD6C3D41D027A5200142A5D /* DataService.swift */; };
/* End PBXBuildFile section */

/* Begin PBXContainerItemProxy section */
		6B2A4ADE1CBB3780001F0774 /* PBXContainerItemProxy */ = {
			isa = PBXContainerItemProxy;
			containerPortal = 6B2A4AC11CBB3780001F0774 /* Project object */;
			proxyType = 1;
			remoteGlobalIDString = 6B2A4AC81CBB3780001F0774;
			remoteInfo = epiphany;
		};
/* End PBXContainerItemProxy section */

/* Begin PBXFileReference section */
		6B2111C91CBDFDAD0077133A /* Idea.swift */ = {isa = PBXFileReference; fileEncoding = 4; lastKnownFileType = sourcecode.swift; path = Idea.swift; sourceTree = "<group>"; };
		6B2111CB1CBDFDF30077133A /* IdeaSection.swift */ = {isa = PBXFileReference; fileEncoding = 4; lastKnownFileType = sourcecode.swift; path = IdeaSection.swift; sourceTree = "<group>"; };
		6B2111CD1CBDFE080077133A /* IdeaDetail.swift */ = {isa = PBXFileReference; fileEncoding = 4; lastKnownFileType = sourcecode.swift; path = IdeaDetail.swift; sourceTree = "<group>"; };
		6B2111CF1CBE02880077133A /* User.swift */ = {isa = PBXFileReference; fileEncoding = 4; lastKnownFileType = sourcecode.swift; path = User.swift; sourceTree = "<group>"; };
		6B2111D21CBE04520077133A /* IdeaSectionTC.swift */ = {isa = PBXFileReference; fileEncoding = 4; lastKnownFileType = sourcecode.swift; path = IdeaSectionTC.swift; sourceTree = "<group>"; };
		6B2111D51CBE060E0077133A /* Constants.swift */ = {isa = PBXFileReference; fileEncoding = 4; lastKnownFileType = sourcecode.swift; path = Constants.swift; sourceTree = "<group>"; };
		6B2A4AC91CBB3780001F0774 /* epiphany.app */ = {isa = PBXFileReference; explicitFileType = wrapper.application; includeInIndex = 0; path = epiphany.app; sourceTree = BUILT_PRODUCTS_DIR; };
		6B2A4ACC1CBB3780001F0774 /* AppDelegate.swift */ = {isa = PBXFileReference; lastKnownFileType = sourcecode.swift; path = AppDelegate.swift; sourceTree = "<group>"; };
		6B2A4ACE1CBB3780001F0774 /* IdeaOverviewVC.swift */ = {isa = PBXFileReference; lastKnownFileType = sourcecode.swift; path = IdeaOverviewVC.swift; sourceTree = "<group>"; };
		6B2A4AD11CBB3780001F0774 /* Base */ = {isa = PBXFileReference; lastKnownFileType = file.storyboard; name = Base; path = Base.lproj/Main.storyboard; sourceTree = "<group>"; };
		6B2A4AD31CBB3780001F0774 /* Assets.xcassets */ = {isa = PBXFileReference; lastKnownFileType = folder.assetcatalog; path = Assets.xcassets; sourceTree = "<group>"; };
		6B2A4AD61CBB3780001F0774 /* Base */ = {isa = PBXFileReference; lastKnownFileType = file.storyboard; name = Base; path = Base.lproj/LaunchScreen.storyboard; sourceTree = "<group>"; };
		6B2A4AD81CBB3780001F0774 /* Info.plist */ = {isa = PBXFileReference; lastKnownFileType = text.plist.xml; path = Info.plist; sourceTree = "<group>"; };
		6B2A4ADD1CBB3780001F0774 /* epiphanyTests.xctest */ = {isa = PBXFileReference; explicitFileType = wrapper.cfbundle; includeInIndex = 0; path = epiphanyTests.xctest; sourceTree = BUILT_PRODUCTS_DIR; };
		6B2A4AE11CBB3780001F0774 /* epiphanyTests.swift */ = {isa = PBXFileReference; lastKnownFileType = sourcecode.swift; path = epiphanyTests.swift; sourceTree = "<group>"; };
		6B2A4AE31CBB3780001F0774 /* Info.plist */ = {isa = PBXFileReference; lastKnownFileType = text.plist.xml; path = Info.plist; sourceTree = "<group>"; };
		6B4809171D052E85004C585A /* LoginVC.swift */ = {isa = PBXFileReference; fileEncoding = 4; lastKnownFileType = sourcecode.swift; path = LoginVC.swift; sourceTree = "<group>"; };
		6B4809191D052F4A004C585A /* NotificationLib.swift */ = {isa = PBXFileReference; fileEncoding = 4; lastKnownFileType = sourcecode.swift; path = NotificationLib.swift; sourceTree = "<group>"; };
		6B6794E41CCB39800039FC3D /* DetailEditorVC.swift */ = {isa = PBXFileReference; fileEncoding = 4; lastKnownFileType = sourcecode.swift; path = DetailEditorVC.swift; sourceTree = "<group>"; };
		6BA6A7371CEC2E95006EC926 /* AddSectionVC.swift */ = {isa = PBXFileReference; fileEncoding = 4; lastKnownFileType = sourcecode.swift; path = AddSectionVC.swift; sourceTree = "<group>"; };
		6BC1D5B71CC2D65700B291A8 /* IdeaSectionVC.swift */ = {isa = PBXFileReference; fileEncoding = 4; lastKnownFileType = sourcecode.swift; path = IdeaSectionVC.swift; sourceTree = "<group>"; };
		6BC1D5B91CC2EB9400B291A8 /* SectionDetailsTC.swift */ = {isa = PBXFileReference; fileEncoding = 4; lastKnownFileType = sourcecode.swift; path = SectionDetailsTC.swift; sourceTree = "<group>"; };
		6BC1D5BB1CC4ABE100B291A8 /* IdeaSearchVC.swift */ = {isa = PBXFileReference; fileEncoding = 4; lastKnownFileType = sourcecode.swift; path = IdeaSearchVC.swift; sourceTree = "<group>"; };
		6BC1D5BD1CC4AD9E00B291A8 /* IdeaTC.swift */ = {isa = PBXFileReference; fileEncoding = 4; lastKnownFileType = sourcecode.swift; path = IdeaTC.swift; sourceTree = "<group>"; };
		6BD6C3D41D027A5200142A5D /* DataService.swift */ = {isa = PBXFileReference; fileEncoding = 4; lastKnownFileType = sourcecode.swift; path = DataService.swift; sourceTree = "<group>"; };
/* End PBXFileReference section */

/* Begin PBXFrameworksBuildPhase section */
		6B2A4AC61CBB3780001F0774 /* Frameworks */ = {
			isa = PBXFrameworksBuildPhase;
			buildActionMask = 2147483647;
			files = (
			);
			runOnlyForDeploymentPostprocessing = 0;
		};
		6B2A4ADA1CBB3780001F0774 /* Frameworks */ = {
			isa = PBXFrameworksBuildPhase;
			buildActionMask = 2147483647;
			files = (
			);
			runOnlyForDeploymentPostprocessing = 0;
		};
/* End PBXFrameworksBuildPhase section */

/* Begin PBXGroup section */
		6B2111C81CBDFD870077133A /* Idea */ = {
			isa = PBXGroup;
			children = (
				6B2111C91CBDFDAD0077133A /* Idea.swift */,
				6B2111CB1CBDFDF30077133A /* IdeaSection.swift */,
				6B2111CD1CBDFE080077133A /* IdeaDetail.swift */,
			);
			name = Idea;
			sourceTree = "<group>";
		};
		6B2111D11CBE04170077133A /* Idea */ = {
			isa = PBXGroup;
			children = (
				6BC1D5BD1CC4AD9E00B291A8 /* IdeaTC.swift */,
				6B2111D21CBE04520077133A /* IdeaSectionTC.swift */,
				6BC1D5B91CC2EB9400B291A8 /* SectionDetailsTC.swift */,
			);
			name = Idea;
			sourceTree = "<group>";
		};
		6B2111D41CBE06020077133A /* Util */ = {
			isa = PBXGroup;
			children = (
				6B4809191D052F4A004C585A /* NotificationLib.swift */,
				6B2111D51CBE060E0077133A /* Constants.swift */,
			);
			name = Util;
			sourceTree = "<group>";
		};
		6B2A4AC01CBB3780001F0774 = {
			isa = PBXGroup;
			children = (
				6B2A4ACB1CBB3780001F0774 /* epiphany */,
				6B2A4AE01CBB3780001F0774 /* epiphanyTests */,
				6B2A4ACA1CBB3780001F0774 /* Products */,
			);
			sourceTree = "<group>";
		};
		6B2A4ACA1CBB3780001F0774 /* Products */ = {
			isa = PBXGroup;
			children = (
				6B2A4AC91CBB3780001F0774 /* epiphany.app */,
				6B2A4ADD1CBB3780001F0774 /* epiphanyTests.xctest */,
			);
			name = Products;
			sourceTree = "<group>";
		};
		6B2A4ACB1CBB3780001F0774 /* epiphany */ = {
			isa = PBXGroup;
			children = (
				6BD6C3D61D027AC500142A5D /* Services */,
				6B2111D41CBE06020077133A /* Util */,
				6B2A4AEC1CBB4155001F0774 /* model */,
				6B2A4AED1CBB4159001F0774 /* view */,
				6B2A4AEE1CBB415C001F0774 /* controller */,
				6B2A4ACC1CBB3780001F0774 /* AppDelegate.swift */,
				6B2A4AD01CBB3780001F0774 /* Main.storyboard */,
				6B2A4AD31CBB3780001F0774 /* Assets.xcassets */,
				6B2A4AD51CBB3780001F0774 /* LaunchScreen.storyboard */,
				6B2A4AD81CBB3780001F0774 /* Info.plist */,
			);
			path = epiphany;
			sourceTree = "<group>";
		};
		6B2A4AE01CBB3780001F0774 /* epiphanyTests */ = {
			isa = PBXGroup;
			children = (
				6B2A4AE11CBB3780001F0774 /* epiphanyTests.swift */,
				6B2A4AE31CBB3780001F0774 /* Info.plist */,
			);
			path = epiphanyTests;
			sourceTree = "<group>";
		};
		6B2A4AEC1CBB4155001F0774 /* model */ = {
			isa = PBXGroup;
			children = (
				6B2111C81CBDFD870077133A /* Idea */,
				6B2111CF1CBE02880077133A /* User.swift */,
			);
			name = model;
			sourceTree = "<group>";
		};
		6B2A4AED1CBB4159001F0774 /* view */ = {
			isa = PBXGroup;
			children = (
				6B2111D11CBE04170077133A /* Idea */,
			);
			name = view;
			sourceTree = "<group>";
		};
		6B2A4AEE1CBB415C001F0774 /* controller */ = {
			isa = PBXGroup;
			children = (
				6B4809171D052E85004C585A /* LoginVC.swift */,
				6BC1D5BB1CC4ABE100B291A8 /* IdeaSearchVC.swift */,
				6B2A4ACE1CBB3780001F0774 /* IdeaOverviewVC.swift */,
				6BC1D5B71CC2D65700B291A8 /* IdeaSectionVC.swift */,
				6BA6A7371CEC2E95006EC926 /* AddSectionVC.swift */,
				6B6794E41CCB39800039FC3D /* DetailEditorVC.swift */,
			);
			name = controller;
			sourceTree = "<group>";
		};
		6BD6C3D61D027AC500142A5D /* Services */ = {
			isa = PBXGroup;
			children = (
				6BD6C3D41D027A5200142A5D /* DataService.swift */,
			);
			name = Services;
			sourceTree = "<group>";
		};
/* End PBXGroup section */

/* Begin PBXNativeTarget section */
		6B2A4AC81CBB3780001F0774 /* epiphany */ = {
			isa = PBXNativeTarget;
			buildConfigurationList = 6B2A4AE61CBB3780001F0774 /* Build configuration list for PBXNativeTarget "epiphany" */;
			buildPhases = (
				6B2A4AC51CBB3780001F0774 /* Sources */,
				6B2A4AC61CBB3780001F0774 /* Frameworks */,
				6B2A4AC71CBB3780001F0774 /* Resources */,
			);
			buildRules = (
			);
			dependencies = (
			);
			name = epiphany;
			productName = epiphany;
			productReference = 6B2A4AC91CBB3780001F0774 /* epiphany.app */;
			productType = "com.apple.product-type.application";
		};
		6B2A4ADC1CBB3780001F0774 /* epiphanyTests */ = {
			isa = PBXNativeTarget;
			buildConfigurationList = 6B2A4AE91CBB3780001F0774 /* Build configuration list for PBXNativeTarget "epiphanyTests" */;
			buildPhases = (
				6B2A4AD91CBB3780001F0774 /* Sources */,
				6B2A4ADA1CBB3780001F0774 /* Frameworks */,
				6B2A4ADB1CBB3780001F0774 /* Resources */,
			);
			buildRules = (
			);
			dependencies = (
				6B2A4ADF1CBB3780001F0774 /* PBXTargetDependency */,
			);
			name = epiphanyTests;
			productName = epiphanyTests;
			productReference = 6B2A4ADD1CBB3780001F0774 /* epiphanyTests.xctest */;
			productType = "com.apple.product-type.bundle.unit-test";
		};
/* End PBXNativeTarget section */

/* Begin PBXProject section */
		6B2A4AC11CBB3780001F0774 /* Project object */ = {
			isa = PBXProject;
			attributes = {
				LastSwiftUpdateCheck = 0730;
				LastUpgradeCheck = 0730;
				ORGANIZATIONNAME = "Antonio Perez";
				TargetAttributes = {
					6B2A4AC81CBB3780001F0774 = {
						CreatedOnToolsVersion = 7.3;
						DevelopmentTeam = 3YVB89WG6H;
					};
					6B2A4ADC1CBB3780001F0774 = {
						CreatedOnToolsVersion = 7.3;
						DevelopmentTeam = 3YVB89WG6H;
						TestTargetID = 6B2A4AC81CBB3780001F0774;
					};
				};
			};
			buildConfigurationList = 6B2A4AC41CBB3780001F0774 /* Build configuration list for PBXProject "epiphany" */;
			compatibilityVersion = "Xcode 3.2";
			developmentRegion = English;
			hasScannedForEncodings = 0;
			knownRegions = (
				en,
				Base,
			);
			mainGroup = 6B2A4AC01CBB3780001F0774;
			productRefGroup = 6B2A4ACA1CBB3780001F0774 /* Products */;
			projectDirPath = "";
			projectRoot = "";
			targets = (
				6B2A4AC81CBB3780001F0774 /* epiphany */,
				6B2A4ADC1CBB3780001F0774 /* epiphanyTests */,
			);
		};
/* End PBXProject section */

/* Begin PBXResourcesBuildPhase section */
		6B2A4AC71CBB3780001F0774 /* Resources */ = {
			isa = PBXResourcesBuildPhase;
			buildActionMask = 2147483647;
			files = (
				6B2A4AD71CBB3780001F0774 /* LaunchScreen.storyboard in Resources */,
				6B2A4AD41CBB3780001F0774 /* Assets.xcassets in Resources */,
				6B2A4AD21CBB3780001F0774 /* Main.storyboard in Resources */,
			);
			runOnlyForDeploymentPostprocessing = 0;
		};
		6B2A4ADB1CBB3780001F0774 /* Resources */ = {
			isa = PBXResourcesBuildPhase;
			buildActionMask = 2147483647;
			files = (
			);
			runOnlyForDeploymentPostprocessing = 0;
		};
/* End PBXResourcesBuildPhase section */

/* Begin PBXSourcesBuildPhase section */
		6B2A4AC51CBB3780001F0774 /* Sources */ = {
			isa = PBXSourcesBuildPhase;
			buildActionMask = 2147483647;
			files = (
				6B2111CE1CBDFE080077133A /* IdeaDetail.swift in Sources */,
				6B2A4ACF1CBB3780001F0774 /* IdeaOverviewVC.swift in Sources */,
				6BC1D5BC1CC4ABE100B291A8 /* IdeaSearchVC.swift in Sources */,
				6B2111D01CBE02880077133A /* User.swift in Sources */,
				6B2A4ACD1CBB3780001F0774 /* AppDelegate.swift in Sources */,
				6B2111CA1CBDFDAD0077133A /* Idea.swift in Sources */,
				6BA6A7381CEC2E95006EC926 /* AddSectionVC.swift in Sources */,
				6B2111CC1CBDFDF30077133A /* IdeaSection.swift in Sources */,
				6BD6C3D51D027A5200142A5D /* DataService.swift in Sources */,
				6B2111D31CBE04520077133A /* IdeaSectionTC.swift in Sources */,
				6B4809181D052E85004C585A /* LoginVC.swift in Sources */,
				6BC1D5BA1CC2EB9400B291A8 /* SectionDetailsTC.swift in Sources */,
				6BC1D5BE1CC4AD9E00B291A8 /* IdeaTC.swift in Sources */,
				6B2111D61CBE060E0077133A /* Constants.swift in Sources */,
				6B48091A1D052F4A004C585A /* NotificationLib.swift in Sources */,
				6BC1D5B81CC2D65700B291A8 /* IdeaSectionVC.swift in Sources */,
				6B6794E51CCB39800039FC3D /* DetailEditorVC.swift in Sources */,
			);
			runOnlyForDeploymentPostprocessing = 0;
		};
		6B2A4AD91CBB3780001F0774 /* Sources */ = {
			isa = PBXSourcesBuildPhase;
			buildActionMask = 2147483647;
			files = (
				6B2A4AE21CBB3780001F0774 /* epiphanyTests.swift in Sources */,
			);
			runOnlyForDeploymentPostprocessing = 0;
		};
/* End PBXSourcesBuildPhase section */

/* Begin PBXTargetDependency section */
		6B2A4ADF1CBB3780001F0774 /* PBXTargetDependency */ = {
			isa = PBXTargetDependency;
			target = 6B2A4AC81CBB3780001F0774 /* epiphany */;
			targetProxy = 6B2A4ADE1CBB3780001F0774 /* PBXContainerItemProxy */;
		};
/* End PBXTargetDependency section */

/* Begin PBXVariantGroup section */
		6B2A4AD01CBB3780001F0774 /* Main.storyboard */ = {
			isa = PBXVariantGroup;
			children = (
				6B2A4AD11CBB3780001F0774 /* Base */,
			);
			name = Main.storyboard;
			sourceTree = "<group>";
		};
		6B2A4AD51CBB3780001F0774 /* LaunchScreen.storyboard */ = {
			isa = PBXVariantGroup;
			children = (
				6B2A4AD61CBB3780001F0774 /* Base */,
			);
			name = LaunchScreen.storyboard;
			sourceTree = "<group>";
		};
/* End PBXVariantGroup section */

/* Begin XCBuildConfiguration section */
		6B2A4AE41CBB3780001F0774 /* Debug */ = {
			isa = XCBuildConfiguration;
			buildSettings = {
				ALWAYS_SEARCH_USER_PATHS = NO;
				CLANG_ANALYZER_NONNULL = YES;
				CLANG_CXX_LANGUAGE_STANDARD = "gnu++0x";
				CLANG_CXX_LIBRARY = "libc++";
				CLANG_ENABLE_MODULES = YES;
				CLANG_ENABLE_OBJC_ARC = YES;
				CLANG_WARN_BOOL_CONVERSION = YES;
				CLANG_WARN_CONSTANT_CONVERSION = YES;
				CLANG_WARN_DIRECT_OBJC_ISA_USAGE = YES_ERROR;
				CLANG_WARN_EMPTY_BODY = YES;
				CLANG_WARN_ENUM_CONVERSION = YES;
				CLANG_WARN_INT_CONVERSION = YES;
				CLANG_WARN_OBJC_ROOT_CLASS = YES_ERROR;
				CLANG_WARN_UNREACHABLE_CODE = YES;
				CLANG_WARN__DUPLICATE_METHOD_MATCH = YES;
				"CODE_SIGN_IDENTITY[sdk=iphoneos*]" = "iPhone Developer";
				COPY_PHASE_STRIP = NO;
				DEBUG_INFORMATION_FORMAT = dwarf;
				ENABLE_STRICT_OBJC_MSGSEND = YES;
				ENABLE_TESTABILITY = YES;
				GCC_C_LANGUAGE_STANDARD = gnu99;
				GCC_DYNAMIC_NO_PIC = NO;
				GCC_NO_COMMON_BLOCKS = YES;
				GCC_OPTIMIZATION_LEVEL = 0;
				GCC_PREPROCESSOR_DEFINITIONS = (
					"DEBUG=1",
					"$(inherited)",
				);
				GCC_WARN_64_TO_32_BIT_CONVERSION = YES;
				GCC_WARN_ABOUT_RETURN_TYPE = YES_ERROR;
				GCC_WARN_UNDECLARED_SELECTOR = YES;
				GCC_WARN_UNINITIALIZED_AUTOS = YES_AGGRESSIVE;
				GCC_WARN_UNUSED_FUNCTION = YES;
				GCC_WARN_UNUSED_VARIABLE = YES;
				IPHONEOS_DEPLOYMENT_TARGET = 9.3;
				MTL_ENABLE_DEBUG_INFO = YES;
				ONLY_ACTIVE_ARCH = YES;
				SDKROOT = iphoneos;
				SWIFT_OPTIMIZATION_LEVEL = "-Onone";
			};
			name = Debug;
		};
		6B2A4AE51CBB3780001F0774 /* Release */ = {
			isa = XCBuildConfiguration;
			buildSettings = {
				ALWAYS_SEARCH_USER_PATHS = NO;
				CLANG_ANALYZER_NONNULL = YES;
				CLANG_CXX_LANGUAGE_STANDARD = "gnu++0x";
				CLANG_CXX_LIBRARY = "libc++";
				CLANG_ENABLE_MODULES = YES;
				CLANG_ENABLE_OBJC_ARC = YES;
				CLANG_WARN_BOOL_CONVERSION = YES;
				CLANG_WARN_CONSTANT_CONVERSION = YES;
				CLANG_WARN_DIRECT_OBJC_ISA_USAGE = YES_ERROR;
				CLANG_WARN_EMPTY_BODY = YES;
				CLANG_WARN_ENUM_CONVERSION = YES;
				CLANG_WARN_INT_CONVERSION = YES;
				CLANG_WARN_OBJC_ROOT_CLASS = YES_ERROR;
				CLANG_WARN_UNREACHABLE_CODE = YES;
				CLANG_WARN__DUPLICATE_METHOD_MATCH = YES;
				"CODE_SIGN_IDENTITY[sdk=iphoneos*]" = "iPhone Developer";
				COPY_PHASE_STRIP = NO;
				DEBUG_INFORMATION_FORMAT = "dwarf-with-dsym";
				ENABLE_NS_ASSERTIONS = NO;
				ENABLE_STRICT_OBJC_MSGSEND = YES;
				GCC_C_LANGUAGE_STANDARD = gnu99;
				GCC_NO_COMMON_BLOCKS = YES;
				GCC_WARN_64_TO_32_BIT_CONVERSION = YES;
				GCC_WARN_ABOUT_RETURN_TYPE = YES_ERROR;
				GCC_WARN_UNDECLARED_SELECTOR = YES;
				GCC_WARN_UNINITIALIZED_AUTOS = YES_AGGRESSIVE;
				GCC_WARN_UNUSED_FUNCTION = YES;
				GCC_WARN_UNUSED_VARIABLE = YES;
				IPHONEOS_DEPLOYMENT_TARGET = 9.3;
				MTL_ENABLE_DEBUG_INFO = NO;
				SDKROOT = iphoneos;
				VALIDATE_PRODUCT = YES;
			};
			name = Release;
		};
		6B2A4AE71CBB3780001F0774 /* Debug */ = {
			isa = XCBuildConfiguration;
			buildSettings = {
				ASSETCATALOG_COMPILER_APPICON_NAME = AppIcon;
				INFOPLIST_FILE = epiphany/Info.plist;
				LD_RUNPATH_SEARCH_PATHS = "$(inherited) @executable_path/Frameworks";
				PRODUCT_BUNDLE_IDENTIFIER = perezprogramming.epiphany;
				PRODUCT_NAME = "$(TARGET_NAME)";
			};
			name = Debug;
		};
		6B2A4AE81CBB3780001F0774 /* Release */ = {
			isa = XCBuildConfiguration;
			buildSettings = {
				ASSETCATALOG_COMPILER_APPICON_NAME = AppIcon;
				INFOPLIST_FILE = epiphany/Info.plist;
				LD_RUNPATH_SEARCH_PATHS = "$(inherited) @executable_path/Frameworks";
				PRODUCT_BUNDLE_IDENTIFIER = perezprogramming.epiphany;
				PRODUCT_NAME = "$(TARGET_NAME)";
			};
			name = Release;
		};
		6B2A4AEA1CBB3780001F0774 /* Debug */ = {
			isa = XCBuildConfiguration;
			buildSettings = {
				BUNDLE_LOADER = "$(TEST_HOST)";
				INFOPLIST_FILE = epiphanyTests/Info.plist;
				LD_RUNPATH_SEARCH_PATHS = "$(inherited) @executable_path/Frameworks @loader_path/Frameworks";
				PRODUCT_BUNDLE_IDENTIFIER = perezprogramming.epiphanyTests;
				PRODUCT_NAME = "$(TARGET_NAME)";
				TEST_HOST = "$(BUILT_PRODUCTS_DIR)/epiphany.app/epiphany";
			};
			name = Debug;
		};
		6B2A4AEB1CBB3780001F0774 /* Release */ = {
			isa = XCBuildConfiguration;
			buildSettings = {
				BUNDLE_LOADER = "$(TEST_HOST)";
				INFOPLIST_FILE = epiphanyTests/Info.plist;
				LD_RUNPATH_SEARCH_PATHS = "$(inherited) @executable_path/Frameworks @loader_path/Frameworks";
				PRODUCT_BUNDLE_IDENTIFIER = perezprogramming.epiphanyTests;
				PRODUCT_NAME = "$(TARGET_NAME)";
				TEST_HOST = "$(BUILT_PRODUCTS_DIR)/epiphany.app/epiphany";
			};
			name = Release;
		};
/* End XCBuildConfiguration section */

/* Begin XCConfigurationList section */
		6B2A4AC41CBB3780001F0774 /* Build configuration list for PBXProject "epiphany" */ = {
			isa = XCConfigurationList;
			buildConfigurations = (
				6B2A4AE41CBB3780001F0774 /* Debug */,
				6B2A4AE51CBB3780001F0774 /* Release */,
			);
			defaultConfigurationIsVisible = 0;
			defaultConfigurationName = Release;
		};
		6B2A4AE61CBB3780001F0774 /* Build configuration list for PBXNativeTarget "epiphany" */ = {
			isa = XCConfigurationList;
			buildConfigurations = (
				6B2A4AE71CBB3780001F0774 /* Debug */,
				6B2A4AE81CBB3780001F0774 /* Release */,
			);
			defaultConfigurationIsVisible = 0;
			defaultConfigurationName = Release;
		};
		6B2A4AE91CBB3780001F0774 /* Build configuration list for PBXNativeTarget "epiphanyTests" */ = {
			isa = XCConfigurationList;
			buildConfigurations = (
				6B2A4AEA1CBB3780001F0774 /* Debug */,
				6B2A4AEB1CBB3780001F0774 /* Release */,
			);
			defaultConfigurationIsVisible = 0;
			defaultConfigurationName = Release;
		};
/* End XCConfigurationList section */
	};
	rootObject = 6B2A4AC11CBB3780001F0774 /* Project object */;
}
